// !$*UTF8*$!
{
	archiveVersion = 1;
	classes = {
	};
	objectVersion = 46;
	objects = {

/* Begin PBXBuildFile section */
		5505BCCD1CAF97160063B97C /* ONECommentCell.m in Sources */ = {isa = PBXBuildFile; fileRef = 5505BCCB1CAF97160063B97C /* ONECommentCell.m */; };
		5505BCCE1CAF97160063B97C /* ONECommentCell.xib in Resources */ = {isa = PBXBuildFile; fileRef = 5505BCCC1CAF97160063B97C /* ONECommentCell.xib */; };
		5505BCD11CAFEE460063B97C /* ONEMusicDetailItem.m in Sources */ = {isa = PBXBuildFile; fileRef = 5505BCD01CAFEE460063B97C /* ONEMusicDetailItem.m */; };
		5505BCD41CAFEE5F0063B97C /* ONEMusicRelatedItem.m in Sources */ = {isa = PBXBuildFile; fileRef = 5505BCD31CAFEE5F0063B97C /* ONEMusicRelatedItem.m */; };
		5505BCD71CAFEE930063B97C /* ONEMusicCommentItem.m in Sources */ = {isa = PBXBuildFile; fileRef = 5505BCD61CAFEE930063B97C /* ONEMusicCommentItem.m */; };
		5505BCDA1CAFF2900063B97C /* ONEMusicAuthorItem.m in Sources */ = {isa = PBXBuildFile; fileRef = 5505BCD91CAFF2900063B97C /* ONEMusicAuthorItem.m */; };
		5505BCDE1CAFF8BA0063B97C /* ONEHttpTool.m in Sources */ = {isa = PBXBuildFile; fileRef = 5505BCDD1CAFF8BA0063B97C /* ONEHttpTool.m */; };
		5505BCE11CAFFAFA0063B97C /* ONEDataRequest.m in Sources */ = {isa = PBXBuildFile; fileRef = 5505BCE01CAFFAFA0063B97C /* ONEDataRequest.m */; };
		55212F4F1CB5782400634442 /* UIImage+image.m in Sources */ = {isa = PBXBuildFile; fileRef = 55212F4E1CB5782400634442 /* UIImage+image.m */; };
		55212F5C1CB5998B00634442 /* NSMutableAttributedString+string.m in Sources */ = {isa = PBXBuildFile; fileRef = 55212F5B1CB5998B00634442 /* NSMutableAttributedString+string.m */; };
		55212F601CB5EF5100634442 /* ONEPersonDetailViewController.m in Sources */ = {isa = PBXBuildFile; fileRef = 55212F5E1CB5EF5100634442 /* ONEPersonDetailViewController.m */; };
		55212F6A1CB634CF00634442 /* ONEPersonDetailViewController.storyboard in Resources */ = {isa = PBXBuildFile; fileRef = 55212F691CB634CF00634442 /* ONEPersonDetailViewController.storyboard */; };
		55212F6D1CB6493F00634442 /* ONEPersonDetailTableView.m in Sources */ = {isa = PBXBuildFile; fileRef = 55212F6C1CB6493F00634442 /* ONEPersonDetailTableView.m */; };
		55212F731CB67AC800634442 /* UITableView+Extension.m in Sources */ = {isa = PBXBuildFile; fileRef = 55212F721CB67AC800634442 /* UITableView+Extension.m */; };
		55212F841CB68A3F00634442 /* ONEDefaultCellArrItem.m in Sources */ = {isa = PBXBuildFile; fileRef = 55212F7F1CB68A3F00634442 /* ONEDefaultCellArrItem.m */; };
		55212F851CB68A3F00634442 /* ONEDefaultCellGroupItem.m in Sources */ = {isa = PBXBuildFile; fileRef = 55212F811CB68A3F00634442 /* ONEDefaultCellGroupItem.m */; };
		55212F861CB68A3F00634442 /* ONEDefaultCellItem.m in Sources */ = {isa = PBXBuildFile; fileRef = 55212F831CB68A3F00634442 /* ONEDefaultCellItem.m */; };
		55212F8A1CB68FAF00634442 /* ONEMusicSongViewController.m in Sources */ = {isa = PBXBuildFile; fileRef = 55212F881CB68FAF00634442 /* ONEMusicSongViewController.m */; };
		55212F8D1CB6901300634442 /* ONEMusicSongViewController.storyboard in Resources */ = {isa = PBXBuildFile; fileRef = 55212F8C1CB6901300634442 /* ONEMusicSongViewController.storyboard */; };
		5537A9A41CAF658E0039949C /* ONEMusicScrollViewController.m in Sources */ = {isa = PBXBuildFile; fileRef = 5537A9A31CAF658E0039949C /* ONEMusicScrollViewController.m */; };
		5569CF061CB55709006EB7A0 /* ONEMusicDetailView.xib in Resources */ = {isa = PBXBuildFile; fileRef = 5569CF051CB55709006EB7A0 /* ONEMusicDetailView.xib */; };
		5592EFC01CB001FF00FA3D76 /* ONEMusicResultItem.m in Sources */ = {isa = PBXBuildFile; fileRef = 5592EFBF1CB001FF00FA3D76 /* ONEMusicResultItem.m */; };
		5592EFC31CB0175200FA3D76 /* ONEMusicDetailView.m in Sources */ = {isa = PBXBuildFile; fileRef = 5592EFC21CB0175200FA3D76 /* ONEMusicDetailView.m */; };
		5592EFD31CB1122200FA3D76 /* ONEMusicRelatedCell.m in Sources */ = {isa = PBXBuildFile; fileRef = 5592EFD11CB1122200FA3D76 /* ONEMusicRelatedCell.m */; };
		5592EFD41CB1122200FA3D76 /* ONEMusicRelatedCell.xib in Resources */ = {isa = PBXBuildFile; fileRef = 5592EFD21CB1122200FA3D76 /* ONEMusicRelatedCell.xib */; };
		55C289A31CAE1B9D0092A897 /* UIView+Frame.m in Sources */ = {isa = PBXBuildFile; fileRef = 55C289A21CAE1B9D0092A897 /* UIView+Frame.m */; };
		55C289AE1CAE47660092A897 /* ONEHomeViewController.m in Sources */ = {isa = PBXBuildFile; fileRef = 55C289AD1CAE47660092A897 /* ONEHomeViewController.m */; };
		55C289B11CAE47730092A897 /* ONEReadViewController.m in Sources */ = {isa = PBXBuildFile; fileRef = 55C289B01CAE47730092A897 /* ONEReadViewController.m */; };
		55C289B41CAE479B0092A897 /* ONEMusicViewController.m in Sources */ = {isa = PBXBuildFile; fileRef = 55C289B31CAE479B0092A897 /* ONEMusicViewController.m */; };
		55C289B71CAE47A50092A897 /* ONEMovieViewController.m in Sources */ = {isa = PBXBuildFile; fileRef = 55C289B61CAE47A50092A897 /* ONEMovieViewController.m */; };
		55C289BA1CAE48280092A897 /* ONENavigationController.m in Sources */ = {isa = PBXBuildFile; fileRef = 55C289B91CAE48280092A897 /* ONENavigationController.m */; };
		55DCF5A11CAE9CE70042165B /* ONEConst.m in Sources */ = {isa = PBXBuildFile; fileRef = 55DCF5A01CAE9CE70042165B /* ONEConst.m */; };
		55FC846F1CB7CE5200E454A3 /* ONEFPSLabel.m in Sources */ = {isa = PBXBuildFile; fileRef = 55FC846E1CB7CE5200E454A3 /* ONEFPSLabel.m */; };
		55FC84721CB7D63700E454A3 /* ONEMusicPlayerView.m in Sources */ = {isa = PBXBuildFile; fileRef = 55FC84711CB7D63700E454A3 /* ONEMusicPlayerView.m */; };
		55FC84741CB7D64700E454A3 /* ONEMusicPlayerView.xib in Resources */ = {isa = PBXBuildFile; fileRef = 55FC84731CB7D64700E454A3 /* ONEMusicPlayerView.xib */; };
		55FC84961CBA4FB100E454A3 /* ONESubTitleCell.m in Sources */ = {isa = PBXBuildFile; fileRef = 55FC84951CBA4FB100E454A3 /* ONESubTitleCell.m */; };
		55FC84991CBA5F8800E454A3 /* ONEPastListViewController.m in Sources */ = {isa = PBXBuildFile; fileRef = 55FC84981CBA5F8800E454A3 /* ONEPastListViewController.m */; };
		7E1A38FA1CAD960C0085EB67 /* Assets.xcassets in Resources */ = {isa = PBXBuildFile; fileRef = 7E1A38F91CAD960C0085EB67 /* Assets.xcassets */; };
		7E1A38FD1CAD960C0085EB67 /* LaunchScreen.storyboard in Resources */ = {isa = PBXBuildFile; fileRef = 7E1A38FB1CAD960C0085EB67 /* LaunchScreen.storyboard */; };
		7E1A394C1CAD9D1B0085EB67 /* AppDelegate.m in Sources */ = {isa = PBXBuildFile; fileRef = 7E1A39401CAD9D1B0085EB67 /* AppDelegate.m */; };
		7E1A394D1CAD9D1B0085EB67 /* main.m in Sources */ = {isa = PBXBuildFile; fileRef = 7E1A39431CAD9D1B0085EB67 /* main.m */; };
		7EC8D0CE1CAE027000613625 /* ONETabbarController.m in Sources */ = {isa = PBXBuildFile; fileRef = 7EC8D0CD1CAE027000613625 /* ONETabbarController.m */; };
		D71ED2D436FF4D83FEA74CC9 /* libPods.a in Frameworks */ = {isa = PBXBuildFile; fileRef = 9308BD47B20C5C8F1D609C57 /* libPods.a */; };
/* End PBXBuildFile section */

/* Begin PBXFileReference section */
		5505BCCA1CAF97160063B97C /* ONECommentCell.h */ = {isa = PBXFileReference; fileEncoding = 4; lastKnownFileType = sourcecode.c.h; path = ONECommentCell.h; sourceTree = "<group>"; };
		5505BCCB1CAF97160063B97C /* ONECommentCell.m */ = {isa = PBXFileReference; fileEncoding = 4; lastKnownFileType = sourcecode.c.objc; path = ONECommentCell.m; sourceTree = "<group>"; };
		5505BCCC1CAF97160063B97C /* ONECommentCell.xib */ = {isa = PBXFileReference; fileEncoding = 4; lastKnownFileType = file.xib; path = ONECommentCell.xib; sourceTree = "<group>"; };
		5505BCCF1CAFEE460063B97C /* ONEMusicDetailItem.h */ = {isa = PBXFileReference; fileEncoding = 4; lastKnownFileType = sourcecode.c.h; path = ONEMusicDetailItem.h; sourceTree = "<group>"; };
		5505BCD01CAFEE460063B97C /* ONEMusicDetailItem.m */ = {isa = PBXFileReference; fileEncoding = 4; lastKnownFileType = sourcecode.c.objc; path = ONEMusicDetailItem.m; sourceTree = "<group>"; };
		5505BCD21CAFEE5F0063B97C /* ONEMusicRelatedItem.h */ = {isa = PBXFileReference; fileEncoding = 4; lastKnownFileType = sourcecode.c.h; path = ONEMusicRelatedItem.h; sourceTree = "<group>"; };
		5505BCD31CAFEE5F0063B97C /* ONEMusicRelatedItem.m */ = {isa = PBXFileReference; fileEncoding = 4; lastKnownFileType = sourcecode.c.objc; path = ONEMusicRelatedItem.m; sourceTree = "<group>"; };
		5505BCD51CAFEE930063B97C /* ONEMusicCommentItem.h */ = {isa = PBXFileReference; fileEncoding = 4; lastKnownFileType = sourcecode.c.h; path = ONEMusicCommentItem.h; sourceTree = "<group>"; };
		5505BCD61CAFEE930063B97C /* ONEMusicCommentItem.m */ = {isa = PBXFileReference; fileEncoding = 4; lastKnownFileType = sourcecode.c.objc; path = ONEMusicCommentItem.m; sourceTree = "<group>"; };
		5505BCD81CAFF2900063B97C /* ONEMusicAuthorItem.h */ = {isa = PBXFileReference; fileEncoding = 4; lastKnownFileType = sourcecode.c.h; path = ONEMusicAuthorItem.h; sourceTree = "<group>"; };
		5505BCD91CAFF2900063B97C /* ONEMusicAuthorItem.m */ = {isa = PBXFileReference; fileEncoding = 4; lastKnownFileType = sourcecode.c.objc; path = ONEMusicAuthorItem.m; sourceTree = "<group>"; };
		5505BCDC1CAFF8BA0063B97C /* ONEHttpTool.h */ = {isa = PBXFileReference; fileEncoding = 4; lastKnownFileType = sourcecode.c.h; path = ONEHttpTool.h; sourceTree = "<group>"; };
		5505BCDD1CAFF8BA0063B97C /* ONEHttpTool.m */ = {isa = PBXFileReference; fileEncoding = 4; lastKnownFileType = sourcecode.c.objc; path = ONEHttpTool.m; sourceTree = "<group>"; };
		5505BCDF1CAFFAFA0063B97C /* ONEDataRequest.h */ = {isa = PBXFileReference; fileEncoding = 4; lastKnownFileType = sourcecode.c.h; path = ONEDataRequest.h; sourceTree = "<group>"; };
		5505BCE01CAFFAFA0063B97C /* ONEDataRequest.m */ = {isa = PBXFileReference; fileEncoding = 4; lastKnownFileType = sourcecode.c.objc; path = ONEDataRequest.m; sourceTree = "<group>"; };
		55212F4D1CB5782400634442 /* UIImage+image.h */ = {isa = PBXFileReference; fileEncoding = 4; lastKnownFileType = sourcecode.c.h; path = "UIImage+image.h"; sourceTree = "<group>"; };
		55212F4E1CB5782400634442 /* UIImage+image.m */ = {isa = PBXFileReference; fileEncoding = 4; lastKnownFileType = sourcecode.c.objc; path = "UIImage+image.m"; sourceTree = "<group>"; };
		55212F5A1CB5998B00634442 /* NSMutableAttributedString+string.h */ = {isa = PBXFileReference; fileEncoding = 4; lastKnownFileType = sourcecode.c.h; path = "NSMutableAttributedString+string.h"; sourceTree = "<group>"; };
		55212F5B1CB5998B00634442 /* NSMutableAttributedString+string.m */ = {isa = PBXFileReference; fileEncoding = 4; lastKnownFileType = sourcecode.c.objc; path = "NSMutableAttributedString+string.m"; sourceTree = "<group>"; };
		55212F5D1CB5EF5100634442 /* ONEPersonDetailViewController.h */ = {isa = PBXFileReference; fileEncoding = 4; lastKnownFileType = sourcecode.c.h; path = ONEPersonDetailViewController.h; sourceTree = "<group>"; };
		55212F5E1CB5EF5100634442 /* ONEPersonDetailViewController.m */ = {isa = PBXFileReference; fileEncoding = 4; lastKnownFileType = sourcecode.c.objc; path = ONEPersonDetailViewController.m; sourceTree = "<group>"; };
		55212F691CB634CF00634442 /* ONEPersonDetailViewController.storyboard */ = {isa = PBXFileReference; fileEncoding = 4; lastKnownFileType = file.storyboard; path = ONEPersonDetailViewController.storyboard; sourceTree = "<group>"; };
		55212F6B1CB6493F00634442 /* ONEPersonDetailTableView.h */ = {isa = PBXFileReference; fileEncoding = 4; lastKnownFileType = sourcecode.c.h; path = ONEPersonDetailTableView.h; sourceTree = "<group>"; };
		55212F6C1CB6493F00634442 /* ONEPersonDetailTableView.m */ = {isa = PBXFileReference; fileEncoding = 4; lastKnownFileType = sourcecode.c.objc; path = ONEPersonDetailTableView.m; sourceTree = "<group>"; };
		55212F711CB67AC800634442 /* UITableView+Extension.h */ = {isa = PBXFileReference; fileEncoding = 4; lastKnownFileType = sourcecode.c.h; path = "UITableView+Extension.h"; sourceTree = "<group>"; };
		55212F721CB67AC800634442 /* UITableView+Extension.m */ = {isa = PBXFileReference; fileEncoding = 4; lastKnownFileType = sourcecode.c.objc; path = "UITableView+Extension.m"; sourceTree = "<group>"; };
		55212F7E1CB68A3F00634442 /* ONEDefaultCellArrItem.h */ = {isa = PBXFileReference; fileEncoding = 4; lastKnownFileType = sourcecode.c.h; path = ONEDefaultCellArrItem.h; sourceTree = "<group>"; };
		55212F7F1CB68A3F00634442 /* ONEDefaultCellArrItem.m */ = {isa = PBXFileReference; fileEncoding = 4; lastKnownFileType = sourcecode.c.objc; path = ONEDefaultCellArrItem.m; sourceTree = "<group>"; };
		55212F801CB68A3F00634442 /* ONEDefaultCellGroupItem.h */ = {isa = PBXFileReference; fileEncoding = 4; lastKnownFileType = sourcecode.c.h; path = ONEDefaultCellGroupItem.h; sourceTree = "<group>"; };
		55212F811CB68A3F00634442 /* ONEDefaultCellGroupItem.m */ = {isa = PBXFileReference; fileEncoding = 4; lastKnownFileType = sourcecode.c.objc; path = ONEDefaultCellGroupItem.m; sourceTree = "<group>"; };
		55212F821CB68A3F00634442 /* ONEDefaultCellItem.h */ = {isa = PBXFileReference; fileEncoding = 4; lastKnownFileType = sourcecode.c.h; path = ONEDefaultCellItem.h; sourceTree = "<group>"; };
		55212F831CB68A3F00634442 /* ONEDefaultCellItem.m */ = {isa = PBXFileReference; fileEncoding = 4; lastKnownFileType = sourcecode.c.objc; path = ONEDefaultCellItem.m; sourceTree = "<group>"; };
		55212F871CB68FAF00634442 /* ONEMusicSongViewController.h */ = {isa = PBXFileReference; fileEncoding = 4; lastKnownFileType = sourcecode.c.h; path = ONEMusicSongViewController.h; sourceTree = "<group>"; };
		55212F881CB68FAF00634442 /* ONEMusicSongViewController.m */ = {isa = PBXFileReference; fileEncoding = 4; lastKnownFileType = sourcecode.c.objc; path = ONEMusicSongViewController.m; sourceTree = "<group>"; };
		55212F8C1CB6901300634442 /* ONEMusicSongViewController.storyboard */ = {isa = PBXFileReference; fileEncoding = 4; lastKnownFileType = file.storyboard; path = ONEMusicSongViewController.storyboard; sourceTree = "<group>"; };
		5537A9A21CAF658E0039949C /* ONEMusicScrollViewController.h */ = {isa = PBXFileReference; fileEncoding = 4; lastKnownFileType = sourcecode.c.h; path = ONEMusicScrollViewController.h; sourceTree = "<group>"; };
		5537A9A31CAF658E0039949C /* ONEMusicScrollViewController.m */ = {isa = PBXFileReference; fileEncoding = 4; lastKnownFileType = sourcecode.c.objc; path = ONEMusicScrollViewController.m; sourceTree = "<group>"; };
		5569CF051CB55709006EB7A0 /* ONEMusicDetailView.xib */ = {isa = PBXFileReference; fileEncoding = 4; lastKnownFileType = file.xib; path = ONEMusicDetailView.xib; sourceTree = "<group>"; };
		5592EFBE1CB001FF00FA3D76 /* ONEMusicResultItem.h */ = {isa = PBXFileReference; fileEncoding = 4; lastKnownFileType = sourcecode.c.h; path = ONEMusicResultItem.h; sourceTree = "<group>"; };
		5592EFBF1CB001FF00FA3D76 /* ONEMusicResultItem.m */ = {isa = PBXFileReference; fileEncoding = 4; lastKnownFileType = sourcecode.c.objc; path = ONEMusicResultItem.m; sourceTree = "<group>"; };
		5592EFC11CB0175200FA3D76 /* ONEMusicDetailView.h */ = {isa = PBXFileReference; fileEncoding = 4; lastKnownFileType = sourcecode.c.h; path = ONEMusicDetailView.h; sourceTree = "<group>"; };
		5592EFC21CB0175200FA3D76 /* ONEMusicDetailView.m */ = {isa = PBXFileReference; fileEncoding = 4; lastKnownFileType = sourcecode.c.objc; path = ONEMusicDetailView.m; sourceTree = "<group>"; };
		5592EFD01CB1122200FA3D76 /* ONEMusicRelatedCell.h */ = {isa = PBXFileReference; fileEncoding = 4; lastKnownFileType = sourcecode.c.h; path = ONEMusicRelatedCell.h; sourceTree = "<group>"; };
		5592EFD11CB1122200FA3D76 /* ONEMusicRelatedCell.m */ = {isa = PBXFileReference; fileEncoding = 4; lastKnownFileType = sourcecode.c.objc; path = ONEMusicRelatedCell.m; sourceTree = "<group>"; };
		5592EFD21CB1122200FA3D76 /* ONEMusicRelatedCell.xib */ = {isa = PBXFileReference; fileEncoding = 4; lastKnownFileType = file.xib; path = ONEMusicRelatedCell.xib; sourceTree = "<group>"; };
		55C289A11CAE1B9D0092A897 /* UIView+Frame.h */ = {isa = PBXFileReference; fileEncoding = 4; lastKnownFileType = sourcecode.c.h; path = "UIView+Frame.h"; sourceTree = "<group>"; };
		55C289A21CAE1B9D0092A897 /* UIView+Frame.m */ = {isa = PBXFileReference; fileEncoding = 4; lastKnownFileType = sourcecode.c.objc; path = "UIView+Frame.m"; sourceTree = "<group>"; };
		55C289A41CAE1BDE0092A897 /* ONE_Prefix.pch */ = {isa = PBXFileReference; lastKnownFileType = sourcecode.c.h; path = ONE_Prefix.pch; sourceTree = "<group>"; };
		55C289AC1CAE47660092A897 /* ONEHomeViewController.h */ = {isa = PBXFileReference; fileEncoding = 4; lastKnownFileType = sourcecode.c.h; path = ONEHomeViewController.h; sourceTree = "<group>"; };
		55C289AD1CAE47660092A897 /* ONEHomeViewController.m */ = {isa = PBXFileReference; fileEncoding = 4; lastKnownFileType = sourcecode.c.objc; path = ONEHomeViewController.m; sourceTree = "<group>"; };
		55C289AF1CAE47730092A897 /* ONEReadViewController.h */ = {isa = PBXFileReference; fileEncoding = 4; lastKnownFileType = sourcecode.c.h; path = ONEReadViewController.h; sourceTree = "<group>"; };
		55C289B01CAE47730092A897 /* ONEReadViewController.m */ = {isa = PBXFileReference; fileEncoding = 4; lastKnownFileType = sourcecode.c.objc; path = ONEReadViewController.m; sourceTree = "<group>"; };
		55C289B21CAE479B0092A897 /* ONEMusicViewController.h */ = {isa = PBXFileReference; fileEncoding = 4; lastKnownFileType = sourcecode.c.h; path = ONEMusicViewController.h; sourceTree = "<group>"; };
		55C289B31CAE479B0092A897 /* ONEMusicViewController.m */ = {isa = PBXFileReference; fileEncoding = 4; lastKnownFileType = sourcecode.c.objc; path = ONEMusicViewController.m; sourceTree = "<group>"; };
		55C289B51CAE47A50092A897 /* ONEMovieViewController.h */ = {isa = PBXFileReference; fileEncoding = 4; lastKnownFileType = sourcecode.c.h; path = ONEMovieViewController.h; sourceTree = "<group>"; };
		55C289B61CAE47A50092A897 /* ONEMovieViewController.m */ = {isa = PBXFileReference; fileEncoding = 4; lastKnownFileType = sourcecode.c.objc; path = ONEMovieViewController.m; sourceTree = "<group>"; };
		55C289B81CAE48280092A897 /* ONENavigationController.h */ = {isa = PBXFileReference; fileEncoding = 4; lastKnownFileType = sourcecode.c.h; path = ONENavigationController.h; sourceTree = "<group>"; };
		55C289B91CAE48280092A897 /* ONENavigationController.m */ = {isa = PBXFileReference; fileEncoding = 4; lastKnownFileType = sourcecode.c.objc; path = ONENavigationController.m; sourceTree = "<group>"; };
		55DCF59F1CAE9CE70042165B /* ONEConst.h */ = {isa = PBXFileReference; fileEncoding = 4; lastKnownFileType = sourcecode.c.h; path = ONEConst.h; sourceTree = "<group>"; };
		55DCF5A01CAE9CE70042165B /* ONEConst.m */ = {isa = PBXFileReference; fileEncoding = 4; lastKnownFileType = sourcecode.c.objc; path = ONEConst.m; sourceTree = "<group>"; };
		55FC846D1CB7CE5200E454A3 /* ONEFPSLabel.h */ = {isa = PBXFileReference; fileEncoding = 4; lastKnownFileType = sourcecode.c.h; path = ONEFPSLabel.h; sourceTree = "<group>"; };
		55FC846E1CB7CE5200E454A3 /* ONEFPSLabel.m */ = {isa = PBXFileReference; fileEncoding = 4; lastKnownFileType = sourcecode.c.objc; path = ONEFPSLabel.m; sourceTree = "<group>"; };
		55FC84701CB7D63700E454A3 /* ONEMusicPlayerView.h */ = {isa = PBXFileReference; fileEncoding = 4; lastKnownFileType = sourcecode.c.h; path = ONEMusicPlayerView.h; sourceTree = "<group>"; };
		55FC84711CB7D63700E454A3 /* ONEMusicPlayerView.m */ = {isa = PBXFileReference; fileEncoding = 4; lastKnownFileType = sourcecode.c.objc; path = ONEMusicPlayerView.m; sourceTree = "<group>"; };
		55FC84731CB7D64700E454A3 /* ONEMusicPlayerView.xib */ = {isa = PBXFileReference; fileEncoding = 4; lastKnownFileType = file.xib; path = ONEMusicPlayerView.xib; sourceTree = "<group>"; };
		55FC84941CBA4FB100E454A3 /* ONESubTitleCell.h */ = {isa = PBXFileReference; fileEncoding = 4; lastKnownFileType = sourcecode.c.h; path = ONESubTitleCell.h; sourceTree = "<group>"; };
		55FC84951CBA4FB100E454A3 /* ONESubTitleCell.m */ = {isa = PBXFileReference; fileEncoding = 4; lastKnownFileType = sourcecode.c.objc; path = ONESubTitleCell.m; sourceTree = "<group>"; };
		55FC84971CBA5F8800E454A3 /* ONEPastListViewController.h */ = {isa = PBXFileReference; fileEncoding = 4; lastKnownFileType = sourcecode.c.h; path = ONEPastListViewController.h; sourceTree = "<group>"; };
		55FC84981CBA5F8800E454A3 /* ONEPastListViewController.m */ = {isa = PBXFileReference; fileEncoding = 4; lastKnownFileType = sourcecode.c.objc; path = ONEPastListViewController.m; sourceTree = "<group>"; };
		7E1A38EA1CAD960C0085EB67 /* ONE.app */ = {isa = PBXFileReference; explicitFileType = wrapper.application; includeInIndex = 0; path = ONE.app; sourceTree = BUILT_PRODUCTS_DIR; };
		7E1A38F91CAD960C0085EB67 /* Assets.xcassets */ = {isa = PBXFileReference; lastKnownFileType = folder.assetcatalog; path = Assets.xcassets; sourceTree = "<group>"; };
		7E1A38FC1CAD960C0085EB67 /* Base */ = {isa = PBXFileReference; lastKnownFileType = file.storyboard; name = Base; path = Base.lproj/LaunchScreen.storyboard; sourceTree = "<group>"; };
		7E1A38FE1CAD960C0085EB67 /* Info.plist */ = {isa = PBXFileReference; lastKnownFileType = text.plist.xml; path = Info.plist; sourceTree = "<group>"; };
		7E1A393F1CAD9D1B0085EB67 /* AppDelegate.h */ = {isa = PBXFileReference; fileEncoding = 4; lastKnownFileType = sourcecode.c.h; name = AppDelegate.h; path = Classes/Other/AppDelegate.h; sourceTree = "<group>"; };
		7E1A39401CAD9D1B0085EB67 /* AppDelegate.m */ = {isa = PBXFileReference; fileEncoding = 4; lastKnownFileType = sourcecode.c.objc; name = AppDelegate.m; path = Classes/Other/AppDelegate.m; sourceTree = "<group>"; };
		7E1A39431CAD9D1B0085EB67 /* main.m */ = {isa = PBXFileReference; fileEncoding = 4; lastKnownFileType = sourcecode.c.objc; name = main.m; path = Classes/Other/main.m; sourceTree = "<group>"; };
		7EC8D0CC1CAE027000613625 /* ONETabbarController.h */ = {isa = PBXFileReference; fileEncoding = 4; lastKnownFileType = sourcecode.c.h; path = ONETabbarController.h; sourceTree = "<group>"; };
		7EC8D0CD1CAE027000613625 /* ONETabbarController.m */ = {isa = PBXFileReference; fileEncoding = 4; lastKnownFileType = sourcecode.c.objc; path = ONETabbarController.m; sourceTree = "<group>"; };
		9308BD47B20C5C8F1D609C57 /* libPods.a */ = {isa = PBXFileReference; explicitFileType = archive.ar; includeInIndex = 0; path = libPods.a; sourceTree = BUILT_PRODUCTS_DIR; };
		D924295F1CA24556FCC56ACA /* Pods.debug.xcconfig */ = {isa = PBXFileReference; includeInIndex = 1; lastKnownFileType = text.xcconfig; name = Pods.debug.xcconfig; path = "Pods/Target Support Files/Pods/Pods.debug.xcconfig"; sourceTree = "<group>"; };
		F8B2C5369889A2D5CC517E09 /* Pods.release.xcconfig */ = {isa = PBXFileReference; includeInIndex = 1; lastKnownFileType = text.xcconfig; name = Pods.release.xcconfig; path = "Pods/Target Support Files/Pods/Pods.release.xcconfig"; sourceTree = "<group>"; };
/* End PBXFileReference section */

/* Begin PBXFrameworksBuildPhase section */
		7E1A38E71CAD960C0085EB67 /* Frameworks */ = {
			isa = PBXFrameworksBuildPhase;
			buildActionMask = 2147483647;
			files = (
				D71ED2D436FF4D83FEA74CC9 /* libPods.a in Frameworks */,
			);
			runOnlyForDeploymentPostprocessing = 0;
		};
/* End PBXFrameworksBuildPhase section */

/* Begin PBXGroup section */
		5505BCDB1CAFF81E0063B97C /* Tools */ = {
			isa = PBXGroup;
			children = (
				5505BCDC1CAFF8BA0063B97C /* ONEHttpTool.h */,
				5505BCDD1CAFF8BA0063B97C /* ONEHttpTool.m */,
				5505BCDF1CAFFAFA0063B97C /* ONEDataRequest.h */,
				5505BCE01CAFFAFA0063B97C /* ONEDataRequest.m */,
				5592EFBE1CB001FF00FA3D76 /* ONEMusicResultItem.h */,
				5592EFBF1CB001FF00FA3D76 /* ONEMusicResultItem.m */,
				55FC846D1CB7CE5200E454A3 /* ONEFPSLabel.h */,
				55FC846E1CB7CE5200E454A3 /* ONEFPSLabel.m */,
			);
			path = Tools;
			sourceTree = "<group>";
		};
		55212F7D1CB68A3F00634442 /* DefaultCellItem */ = {
			isa = PBXGroup;
			children = (
				55212F7E1CB68A3F00634442 /* ONEDefaultCellArrItem.h */,
				55212F7F1CB68A3F00634442 /* ONEDefaultCellArrItem.m */,
				55212F801CB68A3F00634442 /* ONEDefaultCellGroupItem.h */,
				55212F811CB68A3F00634442 /* ONEDefaultCellGroupItem.m */,
				55212F821CB68A3F00634442 /* ONEDefaultCellItem.h */,
				55212F831CB68A3F00634442 /* ONEDefaultCellItem.m */,
			);
			path = DefaultCellItem;
			sourceTree = "<group>";
		};
		55DCF59E1CAE9CD90042165B /* Const */ = {
			isa = PBXGroup;
			children = (
				55DCF59F1CAE9CE70042165B /* ONEConst.h */,
				55DCF5A01CAE9CE70042165B /* ONEConst.m */,
			);
			path = Const;
			sourceTree = "<group>";
		};
		55FC848D1CBA2C8C00E454A3 /* View */ = {
			isa = PBXGroup;
			children = (
			);
			path = View;
			sourceTree = "<group>";
		};
		55FD17A01CAECEBF002EEF7E /* Model */ = {
			isa = PBXGroup;
			children = (
				5505BCCF1CAFEE460063B97C /* ONEMusicDetailItem.h */,
				5505BCD01CAFEE460063B97C /* ONEMusicDetailItem.m */,
				5505BCD21CAFEE5F0063B97C /* ONEMusicRelatedItem.h */,
				5505BCD31CAFEE5F0063B97C /* ONEMusicRelatedItem.m */,
				5505BCD51CAFEE930063B97C /* ONEMusicCommentItem.h */,
				5505BCD61CAFEE930063B97C /* ONEMusicCommentItem.m */,
				5505BCD81CAFF2900063B97C /* ONEMusicAuthorItem.h */,
				5505BCD91CAFF2900063B97C /* ONEMusicAuthorItem.m */,
			);
			path = Model;
			sourceTree = "<group>";
		};
		55FD17A11CAECEBF002EEF7E /* View */ = {
			isa = PBXGroup;
			children = (
				5505BCCA1CAF97160063B97C /* ONECommentCell.h */,
				5505BCCB1CAF97160063B97C /* ONECommentCell.m */,
				5505BCCC1CAF97160063B97C /* ONECommentCell.xib */,
				55FC84941CBA4FB100E454A3 /* ONESubTitleCell.h */,
				55FC84951CBA4FB100E454A3 /* ONESubTitleCell.m */,
				5592EFC11CB0175200FA3D76 /* ONEMusicDetailView.h */,
				5592EFC21CB0175200FA3D76 /* ONEMusicDetailView.m */,
				5569CF051CB55709006EB7A0 /* ONEMusicDetailView.xib */,
				5592EFD01CB1122200FA3D76 /* ONEMusicRelatedCell.h */,
				5592EFD11CB1122200FA3D76 /* ONEMusicRelatedCell.m */,
				5592EFD21CB1122200FA3D76 /* ONEMusicRelatedCell.xib */,
				55212F6B1CB6493F00634442 /* ONEPersonDetailTableView.h */,
				55212F6C1CB6493F00634442 /* ONEPersonDetailTableView.m */,
				55FC84701CB7D63700E454A3 /* ONEMusicPlayerView.h */,
				55FC84711CB7D63700E454A3 /* ONEMusicPlayerView.m */,
				55FC84731CB7D64700E454A3 /* ONEMusicPlayerView.xib */,
			);
			path = View;
			sourceTree = "<group>";
		};
		75E8192DE6F085F776EE105A /* Pods */ = {
			isa = PBXGroup;
			children = (
				D924295F1CA24556FCC56ACA /* Pods.debug.xcconfig */,
				F8B2C5369889A2D5CC517E09 /* Pods.release.xcconfig */,
			);
			name = Pods;
			sourceTree = "<group>";
		};
		7E1A38E11CAD960C0085EB67 = {
			isa = PBXGroup;
			children = (
				7E1A38EC1CAD960C0085EB67 /* ONE */,
				7E1A38EB1CAD960C0085EB67 /* Products */,
				75E8192DE6F085F776EE105A /* Pods */,
				E14DF55EF240829EA9F129B5 /* Frameworks */,
			);
			sourceTree = "<group>";
		};
		7E1A38EB1CAD960C0085EB67 /* Products */ = {
			isa = PBXGroup;
			children = (
				7E1A38EA1CAD960C0085EB67 /* ONE.app */,
			);
			name = Products;
			sourceTree = "<group>";
		};
		7E1A38EC1CAD960C0085EB67 /* ONE */ = {
			isa = PBXGroup;
			children = (
				7E1A39291CAD9D1B0085EB67 /* Classes */,
				7E1A38ED1CAD960C0085EB67 /* Supporting Files */,
			);
			path = ONE;
			sourceTree = "<group>";
		};
		7E1A38ED1CAD960C0085EB67 /* Supporting Files */ = {
			isa = PBXGroup;
			children = (
				7E1A393F1CAD9D1B0085EB67 /* AppDelegate.h */,
				7E1A39401CAD9D1B0085EB67 /* AppDelegate.m */,
				7E1A39431CAD9D1B0085EB67 /* main.m */,
				7E1A38FB1CAD960C0085EB67 /* LaunchScreen.storyboard */,
				7E1A38F91CAD960C0085EB67 /* Assets.xcassets */,
				7E1A38FE1CAD960C0085EB67 /* Info.plist */,
				55C289A41CAE1BDE0092A897 /* ONE_Prefix.pch */,
			);
			name = "Supporting Files";
			sourceTree = "<group>";
		};
		7E1A39291CAD9D1B0085EB67 /* Classes */ = {
			isa = PBXGroup;
			children = (
				7E1A392E1CAD9D1B0085EB67 /* HomePage(首页) */,
				7E1A39441CAD9D1B0085EB67 /* Reading(阅读) */,
				7E1A39361CAD9D1B0085EB67 /* Music(音乐) */,
				7E1A392A1CAD9D1B0085EB67 /*  Movie(电影) */,
				7E1A393A1CAD9D1B0085EB67 /* NewFeature(新特性) */,
				7E1A39321CAD9D1B0085EB67 /* Main */,
				7E1A39481CAD9D1B0085EB67 /* Setting(设置) */,
				7E1A393E1CAD9D1B0085EB67 /* Other */,
			);
			path = Classes;
			sourceTree = "<group>";
		};
		7E1A392A1CAD9D1B0085EB67 /*  Movie(电影) */ = {
			isa = PBXGroup;
			children = (
				7E1A392B1CAD9D1B0085EB67 /* Controller */,
				7E1A392C1CAD9D1B0085EB67 /* Model */,
				7E1A392D1CAD9D1B0085EB67 /* View */,
			);
			path = " Movie(电影)";
			sourceTree = "<group>";
		};
		7E1A392B1CAD9D1B0085EB67 /* Controller */ = {
			isa = PBXGroup;
			children = (
				55C289B51CAE47A50092A897 /* ONEMovieViewController.h */,
				55C289B61CAE47A50092A897 /* ONEMovieViewController.m */,
			);
			path = Controller;
			sourceTree = "<group>";
		};
		7E1A392C1CAD9D1B0085EB67 /* Model */ = {
			isa = PBXGroup;
			children = (
			);
			path = Model;
			sourceTree = "<group>";
		};
		7E1A392D1CAD9D1B0085EB67 /* View */ = {
			isa = PBXGroup;
			children = (
			);
			path = View;
			sourceTree = "<group>";
		};
		7E1A392E1CAD9D1B0085EB67 /* HomePage(首页) */ = {
			isa = PBXGroup;
			children = (
				7E1A392F1CAD9D1B0085EB67 /* Controller */,
				7E1A39301CAD9D1B0085EB67 /* Model */,
				7E1A39311CAD9D1B0085EB67 /* View */,
			);
			path = "HomePage(首页)";
			sourceTree = "<group>";
		};
		7E1A392F1CAD9D1B0085EB67 /* Controller */ = {
			isa = PBXGroup;
			children = (
				55C289AC1CAE47660092A897 /* ONEHomeViewController.h */,
				55C289AD1CAE47660092A897 /* ONEHomeViewController.m */,
			);
			path = Controller;
			sourceTree = "<group>";
		};
		7E1A39301CAD9D1B0085EB67 /* Model */ = {
			isa = PBXGroup;
			children = (
			);
			path = Model;
			sourceTree = "<group>";
		};
		7E1A39311CAD9D1B0085EB67 /* View */ = {
			isa = PBXGroup;
			children = (
			);
			path = View;
			sourceTree = "<group>";
		};
		7E1A39321CAD9D1B0085EB67 /* Main */ = {
			isa = PBXGroup;
			children = (
				55FC848D1CBA2C8C00E454A3 /* View */,
				7E1A39331CAD9D1B0085EB67 /* Controller */,
			);
			path = Main;
			sourceTree = "<group>";
		};
		7E1A39331CAD9D1B0085EB67 /* Controller */ = {
			isa = PBXGroup;
			children = (
				7EC8D0CC1CAE027000613625 /* ONETabbarController.h */,
				7EC8D0CD1CAE027000613625 /* ONETabbarController.m */,
				55C289B81CAE48280092A897 /* ONENavigationController.h */,
				55C289B91CAE48280092A897 /* ONENavigationController.m */,
			);
			path = Controller;
			sourceTree = "<group>";
		};
		7E1A39361CAD9D1B0085EB67 /* Music(音乐) */ = {
			isa = PBXGroup;
			children = (
				7E1A39371CAD9D1B0085EB67 /* Controller */,
				55FD17A01CAECEBF002EEF7E /* Model */,
				55FD17A11CAECEBF002EEF7E /* View */,
			);
			path = "Music(音乐)";
			sourceTree = "<group>";
		};
		7E1A39371CAD9D1B0085EB67 /* Controller */ = {
			isa = PBXGroup;
			children = (
				55C289B21CAE479B0092A897 /* ONEMusicViewController.h */,
				55C289B31CAE479B0092A897 /* ONEMusicViewController.m */,
				5537A9A21CAF658E0039949C /* ONEMusicScrollViewController.h */,
				5537A9A31CAF658E0039949C /* ONEMusicScrollViewController.m */,
				55212F5D1CB5EF5100634442 /* ONEPersonDetailViewController.h */,
				55212F5E1CB5EF5100634442 /* ONEPersonDetailViewController.m */,
				55212F691CB634CF00634442 /* ONEPersonDetailViewController.storyboard */,
				55212F871CB68FAF00634442 /* ONEMusicSongViewController.h */,
				55212F881CB68FAF00634442 /* ONEMusicSongViewController.m */,
				55212F8C1CB6901300634442 /* ONEMusicSongViewController.storyboard */,
				55FC84971CBA5F8800E454A3 /* ONEPastListViewController.h */,
				55FC84981CBA5F8800E454A3 /* ONEPastListViewController.m */,
			);
			path = Controller;
			sourceTree = "<group>";
		};
		7E1A393A1CAD9D1B0085EB67 /* NewFeature(新特性) */ = {
			isa = PBXGroup;
			children = (
				7E1A393B1CAD9D1B0085EB67 /* Controller */,
				7E1A393C1CAD9D1B0085EB67 /* Model */,
				7E1A393D1CAD9D1B0085EB67 /* View */,
			);
			path = "NewFeature(新特性)";
			sourceTree = "<group>";
		};
		7E1A393B1CAD9D1B0085EB67 /* Controller */ = {
			isa = PBXGroup;
			children = (
			);
			path = Controller;
			sourceTree = "<group>";
		};
		7E1A393C1CAD9D1B0085EB67 /* Model */ = {
			isa = PBXGroup;
			children = (
			);
			path = Model;
			sourceTree = "<group>";
		};
		7E1A393D1CAD9D1B0085EB67 /* View */ = {
			isa = PBXGroup;
			children = (
			);
			path = View;
			sourceTree = "<group>";
		};
		7E1A393E1CAD9D1B0085EB67 /* Other */ = {
			isa = PBXGroup;
			children = (
				55212F7D1CB68A3F00634442 /* DefaultCellItem */,
				5505BCDB1CAFF81E0063B97C /* Tools */,
				55DCF59E1CAE9CD90042165B /* Const */,
				7E1A39411CAD9D1B0085EB67 /* Category */,
				7E1A39421CAD9D1B0085EB67 /* Lib */,
			);
			path = Other;
			sourceTree = "<group>";
		};
		7E1A39411CAD9D1B0085EB67 /* Category */ = {
			isa = PBXGroup;
			children = (
				55212F711CB67AC800634442 /* UITableView+Extension.h */,
				55212F721CB67AC800634442 /* UITableView+Extension.m */,
				55212F5A1CB5998B00634442 /* NSMutableAttributedString+string.h */,
				55212F5B1CB5998B00634442 /* NSMutableAttributedString+string.m */,
				55212F4D1CB5782400634442 /* UIImage+image.h */,
				55212F4E1CB5782400634442 /* UIImage+image.m */,
				55C289A11CAE1B9D0092A897 /* UIView+Frame.h */,
				55C289A21CAE1B9D0092A897 /* UIView+Frame.m */,
			);
			path = Category;
			sourceTree = "<group>";
		};
		7E1A39421CAD9D1B0085EB67 /* Lib */ = {
			isa = PBXGroup;
			children = (
			);
			path = Lib;
			sourceTree = "<group>";
		};
		7E1A39441CAD9D1B0085EB67 /* Reading(阅读) */ = {
			isa = PBXGroup;
			children = (
				7E1A39451CAD9D1B0085EB67 /* Controller */,
				7E1A39461CAD9D1B0085EB67 /* Model */,
				7E1A39471CAD9D1B0085EB67 /* View */,
			);
			path = "Reading(阅读)";
			sourceTree = "<group>";
		};
		7E1A39451CAD9D1B0085EB67 /* Controller */ = {
			isa = PBXGroup;
			children = (
				55C289AF1CAE47730092A897 /* ONEReadViewController.h */,
				55C289B01CAE47730092A897 /* ONEReadViewController.m */,
			);
			path = Controller;
			sourceTree = "<group>";
		};
		7E1A39461CAD9D1B0085EB67 /* Model */ = {
			isa = PBXGroup;
			children = (
			);
			path = Model;
			sourceTree = "<group>";
		};
		7E1A39471CAD9D1B0085EB67 /* View */ = {
			isa = PBXGroup;
			children = (
			);
			path = View;
			sourceTree = "<group>";
		};
		7E1A39481CAD9D1B0085EB67 /* Setting(设置) */ = {
			isa = PBXGroup;
			children = (
				7E1A39491CAD9D1B0085EB67 /* Controller */,
				7E1A394A1CAD9D1B0085EB67 /* Model */,
				7E1A394B1CAD9D1B0085EB67 /* View */,
			);
			path = "Setting(设置)";
			sourceTree = "<group>";
		};
		7E1A39491CAD9D1B0085EB67 /* Controller */ = {
			isa = PBXGroup;
			children = (
			);
			path = Controller;
			sourceTree = "<group>";
		};
		7E1A394A1CAD9D1B0085EB67 /* Model */ = {
			isa = PBXGroup;
			children = (
			);
			path = Model;
			sourceTree = "<group>";
		};
		7E1A394B1CAD9D1B0085EB67 /* View */ = {
			isa = PBXGroup;
			children = (
			);
			path = View;
			sourceTree = "<group>";
		};
		E14DF55EF240829EA9F129B5 /* Frameworks */ = {
			isa = PBXGroup;
			children = (
				9308BD47B20C5C8F1D609C57 /* libPods.a */,
			);
			name = Frameworks;
			sourceTree = "<group>";
		};
/* End PBXGroup section */

/* Begin PBXNativeTarget section */
		7E1A38E91CAD960C0085EB67 /* ONE */ = {
			isa = PBXNativeTarget;
			buildConfigurationList = 7E1A39011CAD960C0085EB67 /* Build configuration list for PBXNativeTarget "ONE" */;
			buildPhases = (
				7FA55A72439075DB56DD7FB8 /* Check Pods Manifest.lock */,
				7E1A38E61CAD960C0085EB67 /* Sources */,
				7E1A38E71CAD960C0085EB67 /* Frameworks */,
				7E1A38E81CAD960C0085EB67 /* Resources */,
				376690A43AD086DAE6E694FF /* Embed Pods Frameworks */,
				807A1FE5BE39D6CFB98654E4 /* Copy Pods Resources */,
			);
			buildRules = (
			);
			dependencies = (
			);
			name = ONE;
			productName = ONE;
			productReference = 7E1A38EA1CAD960C0085EB67 /* ONE.app */;
			productType = "com.apple.product-type.application";
		};
/* End PBXNativeTarget section */

/* Begin PBXProject section */
		7E1A38E21CAD960C0085EB67 /* Project object */ = {
			isa = PBXProject;
			attributes = {
				CLASSPREFIX = ONE;
				LastUpgradeCheck = 0720;
				ORGANIZATIONNAME = ONE;
				TargetAttributes = {
					7E1A38E91CAD960C0085EB67 = {
						CreatedOnToolsVersion = 7.2.1;
						DevelopmentTeam = XJPMR8FRF3;
					};
				};
			};
			buildConfigurationList = 7E1A38E51CAD960C0085EB67 /* Build configuration list for PBXProject "ONE" */;
			compatibilityVersion = "Xcode 3.2";
			developmentRegion = English;
			hasScannedForEncodings = 0;
			knownRegions = (
				en,
				Base,
			);
			mainGroup = 7E1A38E11CAD960C0085EB67;
			productRefGroup = 7E1A38EB1CAD960C0085EB67 /* Products */;
			projectDirPath = "";
			projectRoot = "";
			targets = (
				7E1A38E91CAD960C0085EB67 /* ONE */,
			);
		};
/* End PBXProject section */

/* Begin PBXResourcesBuildPhase section */
		7E1A38E81CAD960C0085EB67 /* Resources */ = {
			isa = PBXResourcesBuildPhase;
			buildActionMask = 2147483647;
			files = (
				5569CF061CB55709006EB7A0 /* ONEMusicDetailView.xib in Resources */,
				5505BCCE1CAF97160063B97C /* ONECommentCell.xib in Resources */,
				55FC84741CB7D64700E454A3 /* ONEMusicPlayerView.xib in Resources */,
				7E1A38FD1CAD960C0085EB67 /* LaunchScreen.storyboard in Resources */,
				5592EFD41CB1122200FA3D76 /* ONEMusicRelatedCell.xib in Resources */,
				55212F8D1CB6901300634442 /* ONEMusicSongViewController.storyboard in Resources */,
				7E1A38FA1CAD960C0085EB67 /* Assets.xcassets in Resources */,
				55212F6A1CB634CF00634442 /* ONEPersonDetailViewController.storyboard in Resources */,
			);
			runOnlyForDeploymentPostprocessing = 0;
		};
/* End PBXResourcesBuildPhase section */

/* Begin PBXShellScriptBuildPhase section */
		376690A43AD086DAE6E694FF /* Embed Pods Frameworks */ = {
			isa = PBXShellScriptBuildPhase;
			buildActionMask = 2147483647;
			files = (
			);
			inputPaths = (
			);
			name = "Embed Pods Frameworks";
			outputPaths = (
			);
			runOnlyForDeploymentPostprocessing = 0;
			shellPath = /bin/sh;
			shellScript = "\"${SRCROOT}/Pods/Target Support Files/Pods/Pods-frameworks.sh\"\n";
			showEnvVarsInLog = 0;
		};
		7FA55A72439075DB56DD7FB8 /* Check Pods Manifest.lock */ = {
			isa = PBXShellScriptBuildPhase;
			buildActionMask = 2147483647;
			files = (
			);
			inputPaths = (
			);
			name = "Check Pods Manifest.lock";
			outputPaths = (
			);
			runOnlyForDeploymentPostprocessing = 0;
			shellPath = /bin/sh;
			shellScript = "diff \"${PODS_ROOT}/../Podfile.lock\" \"${PODS_ROOT}/Manifest.lock\" > /dev/null\nif [[ $? != 0 ]] ; then\n    cat << EOM\nerror: The sandbox is not in sync with the Podfile.lock. Run 'pod install' or update your CocoaPods installation.\nEOM\n    exit 1\nfi\n";
			showEnvVarsInLog = 0;
		};
		807A1FE5BE39D6CFB98654E4 /* Copy Pods Resources */ = {
			isa = PBXShellScriptBuildPhase;
			buildActionMask = 2147483647;
			files = (
			);
			inputPaths = (
			);
			name = "Copy Pods Resources";
			outputPaths = (
			);
			runOnlyForDeploymentPostprocessing = 0;
			shellPath = /bin/sh;
			shellScript = "\"${SRCROOT}/Pods/Target Support Files/Pods/Pods-resources.sh\"\n";
			showEnvVarsInLog = 0;
		};
/* End PBXShellScriptBuildPhase section */

/* Begin PBXSourcesBuildPhase section */
		7E1A38E61CAD960C0085EB67 /* Sources */ = {
			isa = PBXSourcesBuildPhase;
			buildActionMask = 2147483647;
			files = (
				55C289BA1CAE48280092A897 /* ONENavigationController.m in Sources */,
				55212F861CB68A3F00634442 /* ONEDefaultCellItem.m in Sources */,
				55212F8A1CB68FAF00634442 /* ONEMusicSongViewController.m in Sources */,
				55FC84961CBA4FB100E454A3 /* ONESubTitleCell.m in Sources */,
				55C289AE1CAE47660092A897 /* ONEHomeViewController.m in Sources */,
				5505BCD11CAFEE460063B97C /* ONEMusicDetailItem.m in Sources */,
				55DCF5A11CAE9CE70042165B /* ONEConst.m in Sources */,
				55FC846F1CB7CE5200E454A3 /* ONEFPSLabel.m in Sources */,
				55212F731CB67AC800634442 /* UITableView+Extension.m in Sources */,
				5592EFC01CB001FF00FA3D76 /* ONEMusicResultItem.m in Sources */,
				55C289B11CAE47730092A897 /* ONEReadViewController.m in Sources */,
				5505BCD71CAFEE930063B97C /* ONEMusicCommentItem.m in Sources */,
				5505BCDA1CAFF2900063B97C /* ONEMusicAuthorItem.m in Sources */,
				55C289A31CAE1B9D0092A897 /* UIView+Frame.m in Sources */,
				55212F5C1CB5998B00634442 /* NSMutableAttributedString+string.m in Sources */,
				55FC84991CBA5F8800E454A3 /* ONEPastListViewController.m in Sources */,
				5505BCCD1CAF97160063B97C /* ONECommentCell.m in Sources */,
				5537A9A41CAF658E0039949C /* ONEMusicScrollViewController.m in Sources */,
				55212F841CB68A3F00634442 /* ONEDefaultCellArrItem.m in Sources */,
				55212F6D1CB6493F00634442 /* ONEPersonDetailTableView.m in Sources */,
				5505BCD41CAFEE5F0063B97C /* ONEMusicRelatedItem.m in Sources */,
				55212F601CB5EF5100634442 /* ONEPersonDetailViewController.m in Sources */,
				5505BCDE1CAFF8BA0063B97C /* ONEHttpTool.m in Sources */,
				7E1A394C1CAD9D1B0085EB67 /* AppDelegate.m in Sources */,
				55212F851CB68A3F00634442 /* ONEDefaultCellGroupItem.m in Sources */,
				5505BCE11CAFFAFA0063B97C /* ONEDataRequest.m in Sources */,
				55C289B71CAE47A50092A897 /* ONEMovieViewController.m in Sources */,
				55C289B41CAE479B0092A897 /* ONEMusicViewController.m in Sources */,
				55FC84721CB7D63700E454A3 /* ONEMusicPlayerView.m in Sources */,
				7E1A394D1CAD9D1B0085EB67 /* main.m in Sources */,
				5592EFC31CB0175200FA3D76 /* ONEMusicDetailView.m in Sources */,
				5592EFD31CB1122200FA3D76 /* ONEMusicRelatedCell.m in Sources */,
				55212F4F1CB5782400634442 /* UIImage+image.m in Sources */,
				7EC8D0CE1CAE027000613625 /* ONETabbarController.m in Sources */,
			);
			runOnlyForDeploymentPostprocessing = 0;
		};
/* End PBXSourcesBuildPhase section */

/* Begin PBXVariantGroup section */
		7E1A38FB1CAD960C0085EB67 /* LaunchScreen.storyboard */ = {
			isa = PBXVariantGroup;
			children = (
				7E1A38FC1CAD960C0085EB67 /* Base */,
			);
			name = LaunchScreen.storyboard;
			sourceTree = "<group>";
		};
/* End PBXVariantGroup section */

/* Begin XCBuildConfiguration section */
		7E1A38FF1CAD960C0085EB67 /* Debug */ = {
			isa = XCBuildConfiguration;
			buildSettings = {
				ALWAYS_SEARCH_USER_PATHS = NO;
				CLANG_CXX_LANGUAGE_STANDARD = "gnu++0x";
				CLANG_CXX_LIBRARY = "libc++";
				CLANG_ENABLE_MODULES = YES;
				CLANG_ENABLE_OBJC_ARC = YES;
				CLANG_WARN_BOOL_CONVERSION = YES;
				CLANG_WARN_CONSTANT_CONVERSION = YES;
				CLANG_WARN_DIRECT_OBJC_ISA_USAGE = YES_ERROR;
				CLANG_WARN_EMPTY_BODY = YES;
				CLANG_WARN_ENUM_CONVERSION = YES;
				CLANG_WARN_INT_CONVERSION = YES;
				CLANG_WARN_OBJC_ROOT_CLASS = YES_ERROR;
				CLANG_WARN_UNREACHABLE_CODE = YES;
				CLANG_WARN__DUPLICATE_METHOD_MATCH = YES;
				"CODE_SIGN_IDENTITY[sdk=iphoneos*]" = "iPhone Developer";
				COPY_PHASE_STRIP = NO;
				DEBUG_INFORMATION_FORMAT = dwarf;
				ENABLE_STRICT_OBJC_MSGSEND = YES;
				ENABLE_TESTABILITY = YES;
				GCC_C_LANGUAGE_STANDARD = gnu99;
				GCC_DYNAMIC_NO_PIC = NO;
				GCC_NO_COMMON_BLOCKS = YES;
				GCC_OPTIMIZATION_LEVEL = 0;
				GCC_PREPROCESSOR_DEFINITIONS = (
					"DEBUG=1",
					"$(inherited)",
				);
				GCC_WARN_64_TO_32_BIT_CONVERSION = YES;
				GCC_WARN_ABOUT_RETURN_TYPE = YES_ERROR;
				GCC_WARN_UNDECLARED_SELECTOR = YES;
				GCC_WARN_UNINITIALIZED_AUTOS = YES_AGGRESSIVE;
				GCC_WARN_UNUSED_FUNCTION = YES;
				GCC_WARN_UNUSED_VARIABLE = YES;
				IPHONEOS_DEPLOYMENT_TARGET = 9.2;
				MTL_ENABLE_DEBUG_INFO = YES;
				ONLY_ACTIVE_ARCH = YES;
				SDKROOT = iphoneos;
			};
			name = Debug;
		};
		7E1A39001CAD960C0085EB67 /* Release */ = {
			isa = XCBuildConfiguration;
			buildSettings = {
				ALWAYS_SEARCH_USER_PATHS = NO;
				CLANG_CXX_LANGUAGE_STANDARD = "gnu++0x";
				CLANG_CXX_LIBRARY = "libc++";
				CLANG_ENABLE_MODULES = YES;
				CLANG_ENABLE_OBJC_ARC = YES;
				CLANG_WARN_BOOL_CONVERSION = YES;
				CLANG_WARN_CONSTANT_CONVERSION = YES;
				CLANG_WARN_DIRECT_OBJC_ISA_USAGE = YES_ERROR;
				CLANG_WARN_EMPTY_BODY = YES;
				CLANG_WARN_ENUM_CONVERSION = YES;
				CLANG_WARN_INT_CONVERSION = YES;
				CLANG_WARN_OBJC_ROOT_CLASS = YES_ERROR;
				CLANG_WARN_UNREACHABLE_CODE = YES;
				CLANG_WARN__DUPLICATE_METHOD_MATCH = YES;
				"CODE_SIGN_IDENTITY[sdk=iphoneos*]" = "iPhone Developer";
				COPY_PHASE_STRIP = NO;
				DEBUG_INFORMATION_FORMAT = "dwarf-with-dsym";
				ENABLE_NS_ASSERTIONS = NO;
				ENABLE_STRICT_OBJC_MSGSEND = YES;
				GCC_C_LANGUAGE_STANDARD = gnu99;
				GCC_NO_COMMON_BLOCKS = YES;
				GCC_WARN_64_TO_32_BIT_CONVERSION = YES;
				GCC_WARN_ABOUT_RETURN_TYPE = YES_ERROR;
				GCC_WARN_UNDECLARED_SELECTOR = YES;
				GCC_WARN_UNINITIALIZED_AUTOS = YES_AGGRESSIVE;
				GCC_WARN_UNUSED_FUNCTION = YES;
				GCC_WARN_UNUSED_VARIABLE = YES;
				IPHONEOS_DEPLOYMENT_TARGET = 9.2;
				MTL_ENABLE_DEBUG_INFO = NO;
				SDKROOT = iphoneos;
				VALIDATE_PRODUCT = YES;
			};
			name = Release;
		};
		7E1A39021CAD960C0085EB67 /* Debug */ = {
			isa = XCBuildConfiguration;
			baseConfigurationReference = D924295F1CA24556FCC56ACA /* Pods.debug.xcconfig */;
			buildSettings = {
				ASSETCATALOG_COMPILER_APPICON_NAME = AppIcon;
				CODE_SIGN_IDENTITY = "iPhone Developer";
				GCC_PREFIX_HEADER = ONE/ONE_Prefix.pch;
				INFOPLIST_FILE = ONE/Info.plist;
				IPHONEOS_DEPLOYMENT_TARGET = 8.0;
				LD_RUNPATH_SEARCH_PATHS = "$(inherited) @executable_path/Frameworks";
				PRODUCT_BUNDLE_IDENTIFIER = ren.yuxiang.ONE;
				PRODUCT_NAME = "$(TARGET_NAME)";
				USER_HEADER_SEARCH_PATHS = "${SRCROOT}/**";
			};
			name = Debug;
		};
		7E1A39031CAD960C0085EB67 /* Release */ = {
			isa = XCBuildConfiguration;
			baseConfigurationReference = F8B2C5369889A2D5CC517E09 /* Pods.release.xcconfig */;
			buildSettings = {
				ASSETCATALOG_COMPILER_APPICON_NAME = AppIcon;
				CODE_SIGN_IDENTITY = "iPhone Developer";
				GCC_PREFIX_HEADER = ONE/ONE_Prefix.pch;
				INFOPLIST_FILE = ONE/Info.plist;
				IPHONEOS_DEPLOYMENT_TARGET = 8.0;
				LD_RUNPATH_SEARCH_PATHS = "$(inherited) @executable_path/Frameworks";
				PRODUCT_BUNDLE_IDENTIFIER = ren.yuxiang.ONE;
				PRODUCT_NAME = "$(TARGET_NAME)";
				USER_HEADER_SEARCH_PATHS = "${SRCROOT}/**";
			};
			name = Release;
		};
/* End XCBuildConfiguration section */

/* Begin XCConfigurationList section */
		7E1A38E51CAD960C0085EB67 /* Build configuration list for PBXProject "ONE" */ = {
			isa = XCConfigurationList;
			buildConfigurations = (
				7E1A38FF1CAD960C0085EB67 /* Debug */,
				7E1A39001CAD960C0085EB67 /* Release */,
			);
			defaultConfigurationIsVisible = 0;
			defaultConfigurationName = Release;
		};
		7E1A39011CAD960C0085EB67 /* Build configuration list for PBXNativeTarget "ONE" */ = {
			isa = XCConfigurationList;
			buildConfigurations = (
				7E1A39021CAD960C0085EB67 /* Debug */,
				7E1A39031CAD960C0085EB67 /* Release */,
			);
			defaultConfigurationIsVisible = 0;
			defaultConfigurationName = Release;
		};
/* End XCConfigurationList section */
	};
	rootObject = 7E1A38E21CAD960C0085EB67 /* Project object */;
}
